// !$*UTF8*$!
{
	archiveVersion = 1;
	classes = {
	};
	objectVersion = 55;
	objects = {

/* Begin PBXBuildFile section */
		D298AE8F2DFAE58E0094732B /* DogCore in Frameworks */ = {isa = PBXBuildFile; productRef = D298AE8E2DFAE58E0094732B /* DogCore */; };
		D298AE972DFAEE550094732B /* DogUILib in Frameworks */ = {isa = PBXBuildFile; productRef = D298AE962DFAEE550094732B /* DogUILib */; };
		D2C120862DFB35C00081B4E8 /* DogNetwork in Frameworks */ = {isa = PBXBuildFile; productRef = D2C120852DFB35C00081B4E8 /* DogNetwork */; };
		D2C1208C2DFB38820081B4E8 /* DogBreedContainer in Frameworks */ = {isa = PBXBuildFile; productRef = D2C1208B2DFB38820081B4E8 /* DogBreedContainer */; };
		D2CF49EB28B9FF770064FE87 /* AppDelegate.swift in Sources */ = {isa = PBXBuildFile; fileRef = D2CF49EA28B9FF770064FE87 /* AppDelegate.swift */; };
		D2CF49ED28B9FF770064FE87 /* SceneDelegate.swift in Sources */ = {isa = PBXBuildFile; fileRef = D2CF49EC28B9FF770064FE87 /* SceneDelegate.swift */; };
		D2CF49EF28B9FF770064FE87 /* BreedsViewController.swift in Sources */ = {isa = PBXBuildFile; fileRef = D2CF49EE28B9FF770064FE87 /* BreedsViewController.swift */; };
		D2CF49F528B9FF770064FE87 /* DogBreed.xcdatamodeld in Sources */ = {isa = PBXBuildFile; fileRef = D2CF49F328B9FF770064FE87 /* DogBreed.xcdatamodeld */; };
		D2CF49F728B9FF770064FE87 /* Assets.xcassets in Resources */ = {isa = PBXBuildFile; fileRef = D2CF49F628B9FF770064FE87 /* Assets.xcassets */; };
		D2CF4A0528B9FF770064FE87 /* DogServiceTests.swift in Sources */ = {isa = PBXBuildFile; fileRef = D2CF4A0428B9FF770064FE87 /* DogServiceTests.swift */; };
		D2CF4A0F28B9FF780064FE87 /* DogBreedUITests.swift in Sources */ = {isa = PBXBuildFile; fileRef = D2CF4A0E28B9FF780064FE87 /* DogBreedUITests.swift */; };
		D2CF4A1128B9FF780064FE87 /* DogBreedUITestsLaunchTests.swift in Sources */ = {isa = PBXBuildFile; fileRef = D2CF4A1028B9FF780064FE87 /* DogBreedUITestsLaunchTests.swift */; };
		D2CF4A3328BA0F630064FE87 /* BreedsViewModel.swift in Sources */ = {isa = PBXBuildFile; fileRef = D2CF4A3228BA0F630064FE87 /* BreedsViewModel.swift */; };
		D2CF4A3C28BA40EB0064FE87 /* Localizable.strings in Resources */ = {isa = PBXBuildFile; fileRef = D2CF4A3E28BA40EB0064FE87 /* Localizable.strings */; };
		D2CF4A4328BA41F90064FE87 /* BreedPicturesViewController.swift in Sources */ = {isa = PBXBuildFile; fileRef = D2CF4A4228BA41F90064FE87 /* BreedPicturesViewController.swift */; };
		D2CF4A4528BA42070064FE87 /* FavouritePicturesViewController.swift in Sources */ = {isa = PBXBuildFile; fileRef = D2CF4A4428BA42070064FE87 /* FavouritePicturesViewController.swift */; };
		D2CF4A5128BA4EB20064FE87 /* BreedPicturesViewModel.swift in Sources */ = {isa = PBXBuildFile; fileRef = D2CF4A5028BA4EB20064FE87 /* BreedPicturesViewModel.swift */; };
		D2CF4A5A28BA7D360064FE87 /* FavouritePicturesViewModel.swift in Sources */ = {isa = PBXBuildFile; fileRef = D2CF4A5928BA7D360064FE87 /* FavouritePicturesViewModel.swift */; };
		D2CF4A7E28BFC9C40064FE87 /* DogBreedMockUrlProtocol.swift in Sources */ = {isa = PBXBuildFile; fileRef = D2CF4A7D28BFC9C40064FE87 /* DogBreedMockUrlProtocol.swift */; };
		D2CF4A8E28BFF9E10064FE87 /* breed-images.json in Resources */ = {isa = PBXBuildFile; fileRef = D2CF4A8728BFF0A90064FE87 /* breed-images.json */; };
		D2CF4A8F28BFF9E40064FE87 /* breeds.json in Resources */ = {isa = PBXBuildFile; fileRef = D2CF4A7F28BFD0230064FE87 /* breeds.json */; };
		D2CF4A9D28C486FA0064FE87 /* BreedsDBModel+CoreDataClass.swift in Sources */ = {isa = PBXBuildFile; fileRef = D2CF4A9B28C486FA0064FE87 /* BreedsDBModel+CoreDataClass.swift */; };
		D2CF4A9E28C486FA0064FE87 /* BreedsDBModel+CoreDataProperties.swift in Sources */ = {isa = PBXBuildFile; fileRef = D2CF4A9C28C486FA0064FE87 /* BreedsDBModel+CoreDataProperties.swift */; };
		D2CF4AA328C49EFB0064FE87 /* CoreDataManager.swift in Sources */ = {isa = PBXBuildFile; fileRef = D2CF4AA228C49EFB0064FE87 /* CoreDataManager.swift */; };
/* End PBXBuildFile section */

/* Begin PBXContainerItemProxy section */
		D2CF4A0128B9FF770064FE87 /* PBXContainerItemProxy */ = {
			isa = PBXContainerItemProxy;
			containerPortal = D2CF49DF28B9FF770064FE87 /* Project object */;
			proxyType = 1;
			remoteGlobalIDString = D2CF49E628B9FF770064FE87;
			remoteInfo = DogBreed;
		};
		D2CF4A0B28B9FF770064FE87 /* PBXContainerItemProxy */ = {
			isa = PBXContainerItemProxy;
			containerPortal = D2CF49DF28B9FF770064FE87 /* Project object */;
			proxyType = 1;
			remoteGlobalIDString = D2CF49E628B9FF770064FE87;
			remoteInfo = DogBreed;
		};
/* End PBXContainerItemProxy section */

/* Begin PBXFileReference section */
		D2671A0F2DFB347D00320D6B /* DogNetwork */ = {isa = PBXFileReference; lastKnownFileType = wrapper; path = DogNetwork; sourceTree = "<group>"; };
		D298AE892DFACCF50094732B /* DogCore */ = {isa = PBXFileReference; lastKnownFileType = wrapper; path = DogCore; sourceTree = "<group>"; };
		D298AE8A2DFACD140094732B /* DogUI */ = {isa = PBXFileReference; lastKnownFileType = wrapper; path = DogUI; sourceTree = "<group>"; };
		D2C1208A2DFB38230081B4E8 /* DogBreedContainer */ = {isa = PBXFileReference; lastKnownFileType = wrapper; path = DogBreedContainer; sourceTree = "<group>"; };
		D2CF49E728B9FF770064FE87 /* DogBreed.app */ = {isa = PBXFileReference; explicitFileType = wrapper.application; includeInIndex = 0; path = DogBreed.app; sourceTree = BUILT_PRODUCTS_DIR; };
		D2CF49EA28B9FF770064FE87 /* AppDelegate.swift */ = {isa = PBXFileReference; lastKnownFileType = sourcecode.swift; path = AppDelegate.swift; sourceTree = "<group>"; };
		D2CF49EC28B9FF770064FE87 /* SceneDelegate.swift */ = {isa = PBXFileReference; lastKnownFileType = sourcecode.swift; path = SceneDelegate.swift; sourceTree = "<group>"; };
		D2CF49EE28B9FF770064FE87 /* BreedsViewController.swift */ = {isa = PBXFileReference; lastKnownFileType = sourcecode.swift; path = BreedsViewController.swift; sourceTree = "<group>"; };
		D2CF49F428B9FF770064FE87 /* DogBreed.xcdatamodel */ = {isa = PBXFileReference; lastKnownFileType = wrapper.xcdatamodel; path = DogBreed.xcdatamodel; sourceTree = "<group>"; };
		D2CF49F628B9FF770064FE87 /* Assets.xcassets */ = {isa = PBXFileReference; lastKnownFileType = folder.assetcatalog; path = Assets.xcassets; sourceTree = "<group>"; };
		D2CF49FB28B9FF770064FE87 /* Info.plist */ = {isa = PBXFileReference; lastKnownFileType = text.plist.xml; path = Info.plist; sourceTree = "<group>"; };
		D2CF4A0028B9FF770064FE87 /* DogBreedTests.xctest */ = {isa = PBXFileReference; explicitFileType = wrapper.cfbundle; includeInIndex = 0; path = DogBreedTests.xctest; sourceTree = BUILT_PRODUCTS_DIR; };
		D2CF4A0428B9FF770064FE87 /* DogServiceTests.swift */ = {isa = PBXFileReference; lastKnownFileType = sourcecode.swift; path = DogServiceTests.swift; sourceTree = "<group>"; };
		D2CF4A0A28B9FF770064FE87 /* DogBreedUITests.xctest */ = {isa = PBXFileReference; explicitFileType = wrapper.cfbundle; includeInIndex = 0; path = DogBreedUITests.xctest; sourceTree = BUILT_PRODUCTS_DIR; };
		D2CF4A0E28B9FF780064FE87 /* DogBreedUITests.swift */ = {isa = PBXFileReference; lastKnownFileType = sourcecode.swift; path = DogBreedUITests.swift; sourceTree = "<group>"; };
		D2CF4A1028B9FF780064FE87 /* DogBreedUITestsLaunchTests.swift */ = {isa = PBXFileReference; lastKnownFileType = sourcecode.swift; path = DogBreedUITestsLaunchTests.swift; sourceTree = "<group>"; };
		D2CF4A3228BA0F630064FE87 /* BreedsViewModel.swift */ = {isa = PBXFileReference; lastKnownFileType = sourcecode.swift; path = BreedsViewModel.swift; sourceTree = "<group>"; };
		D2CF4A3D28BA40EB0064FE87 /* en */ = {isa = PBXFileReference; lastKnownFileType = text.plist.strings; name = en; path = en.lproj/Localizable.strings; sourceTree = "<group>"; };
		D2CF4A3F28BA412E0064FE87 /* da */ = {isa = PBXFileReference; lastKnownFileType = text.plist.strings; name = da; path = da.lproj/Localizable.strings; sourceTree = "<group>"; };
		D2CF4A4228BA41F90064FE87 /* BreedPicturesViewController.swift */ = {isa = PBXFileReference; lastKnownFileType = sourcecode.swift; path = BreedPicturesViewController.swift; sourceTree = "<group>"; };
		D2CF4A4428BA42070064FE87 /* FavouritePicturesViewController.swift */ = {isa = PBXFileReference; lastKnownFileType = sourcecode.swift; path = FavouritePicturesViewController.swift; sourceTree = "<group>"; };
		D2CF4A5028BA4EB20064FE87 /* BreedPicturesViewModel.swift */ = {isa = PBXFileReference; lastKnownFileType = sourcecode.swift; path = BreedPicturesViewModel.swift; sourceTree = "<group>"; };
		D2CF4A5928BA7D360064FE87 /* FavouritePicturesViewModel.swift */ = {isa = PBXFileReference; lastKnownFileType = sourcecode.swift; path = FavouritePicturesViewModel.swift; sourceTree = "<group>"; };
		D2CF4A7D28BFC9C40064FE87 /* DogBreedMockUrlProtocol.swift */ = {isa = PBXFileReference; lastKnownFileType = sourcecode.swift; path = DogBreedMockUrlProtocol.swift; sourceTree = "<group>"; };
		D2CF4A7F28BFD0230064FE87 /* breeds.json */ = {isa = PBXFileReference; fileEncoding = 4; lastKnownFileType = text.json; path = breeds.json; sourceTree = "<group>"; };
		D2CF4A8728BFF0A90064FE87 /* breed-images.json */ = {isa = PBXFileReference; fileEncoding = 4; lastKnownFileType = text.json; path = "breed-images.json"; sourceTree = "<group>"; };
		D2CF4A9B28C486FA0064FE87 /* BreedsDBModel+CoreDataClass.swift */ = {isa = PBXFileReference; lastKnownFileType = sourcecode.swift; path = "BreedsDBModel+CoreDataClass.swift"; sourceTree = "<group>"; };
		D2CF4A9C28C486FA0064FE87 /* BreedsDBModel+CoreDataProperties.swift */ = {isa = PBXFileReference; lastKnownFileType = sourcecode.swift; path = "BreedsDBModel+CoreDataProperties.swift"; sourceTree = "<group>"; };
		D2CF4AA228C49EFB0064FE87 /* CoreDataManager.swift */ = {isa = PBXFileReference; lastKnownFileType = sourcecode.swift; path = CoreDataManager.swift; sourceTree = "<group>"; };
/* End PBXFileReference section */

/* Begin PBXFrameworksBuildPhase section */
		D2CF49E428B9FF770064FE87 /* Frameworks */ = {
			isa = PBXFrameworksBuildPhase;
			buildActionMask = 2147483647;
			files = (
				D2C1208C2DFB38820081B4E8 /* DogBreedContainer in Frameworks */,
				D298AE8F2DFAE58E0094732B /* DogCore in Frameworks */,
				D2C120862DFB35C00081B4E8 /* DogNetwork in Frameworks */,
				D298AE972DFAEE550094732B /* DogUILib in Frameworks */,
			);
			runOnlyForDeploymentPostprocessing = 0;
		};
		D2CF49FD28B9FF770064FE87 /* Frameworks */ = {
			isa = PBXFrameworksBuildPhase;
			buildActionMask = 2147483647;
			files = (
			);
			runOnlyForDeploymentPostprocessing = 0;
		};
		D2CF4A0728B9FF770064FE87 /* Frameworks */ = {
			isa = PBXFrameworksBuildPhase;
			buildActionMask = 2147483647;
			files = (
			);
			runOnlyForDeploymentPostprocessing = 0;
		};
/* End PBXFrameworksBuildPhase section */

/* Begin PBXGroup section */
		D25BED93291FD71F00F8745B /* Root */ = {
			isa = PBXGroup;
			children = (
				D2CF49EA28B9FF770064FE87 /* AppDelegate.swift */,
				D2CF49EC28B9FF770064FE87 /* SceneDelegate.swift */,
			);
			path = Root;
			sourceTree = "<group>";
		};
		D25BED97291FD9A600F8745B /* Configuration */ = {
			isa = PBXGroup;
			children = (
				D2CF49FB28B9FF770064FE87 /* Info.plist */,
			);
			path = Configuration;
			sourceTree = "<group>";
		};
		D298AE8B2DFAE5890094732B /* Frameworks */ = {
			isa = PBXGroup;
			children = (
			);
			name = Frameworks;
			sourceTree = "<group>";
		};
		D2CF49DE28B9FF770064FE87 = {
			isa = PBXGroup;
			children = (
				D2CF49E928B9FF770064FE87 /* DogBreed */,
				D2CF4A0328B9FF770064FE87 /* DogBreeedTests */,
				D2CF4A0D28B9FF780064FE87 /* DogBreedUITests */,
				D298AE8B2DFAE5890094732B /* Frameworks */,
				D2CF49E828B9FF770064FE87 /* Products */,
			);
			sourceTree = "<group>";
		};
		D2CF49E828B9FF770064FE87 /* Products */ = {
			isa = PBXGroup;
			children = (
				D2CF49E728B9FF770064FE87 /* DogBreed.app */,
				D2CF4A0028B9FF770064FE87 /* DogBreedTests.xctest */,
				D2CF4A0A28B9FF770064FE87 /* DogBreedUITests.xctest */,
			);
			name = Products;
			sourceTree = "<group>";
		};
		D2CF49E928B9FF770064FE87 /* DogBreed */ = {
			isa = PBXGroup;
			children = (
				D2FDBDB62DFABA6C006ADB44 /* Packages */,
				D25BED97291FD9A600F8745B /* Configuration */,
				D2CF4A1D28B9FFFA0064FE87 /* Resources */,
				D2CF4A1E28BA00310064FE87 /* Source */,
			);
			path = DogBreed;
			sourceTree = "<group>";
		};
		D2CF4A0328B9FF770064FE87 /* DogBreeedTests */ = {
			isa = PBXGroup;
			children = (
				D2CF4A0428B9FF770064FE87 /* DogServiceTests.swift */,
			);
			path = DogBreeedTests;
			sourceTree = "<group>";
		};
		D2CF4A0D28B9FF780064FE87 /* DogBreedUITests */ = {
			isa = PBXGroup;
			children = (
				D2CF4A0E28B9FF780064FE87 /* DogBreedUITests.swift */,
				D2CF4A1028B9FF780064FE87 /* DogBreedUITestsLaunchTests.swift */,
			);
			path = DogBreedUITests;
			sourceTree = "<group>";
		};
		D2CF4A1D28B9FFFA0064FE87 /* Resources */ = {
			isa = PBXGroup;
			children = (
				D2CF49F628B9FF770064FE87 /* Assets.xcassets */,
				D2CF4A3E28BA40EB0064FE87 /* Localizable.strings */,
			);
			path = Resources;
			sourceTree = "<group>";
		};
		D2CF4A1E28BA00310064FE87 /* Source */ = {
			isa = PBXGroup;
			children = (
				D25BED93291FD71F00F8745B /* Root */,
				D2CF4A1F28BA003A0064FE87 /* Screen */,
				D2CF4A2228BA00470064FE87 /* Service */,
				D2CF4A7C28BFC9A90064FE87 /* Mock */,
			);
			path = Source;
			sourceTree = "<group>";
		};
		D2CF4A1F28BA003A0064FE87 /* Screen */ = {
			isa = PBXGroup;
			children = (
				D2CF4A2328BA00660064FE87 /* Home */,
				D2CF4A2428BA006C0064FE87 /* BreedPictures */,
				D2CF4A2528BA00780064FE87 /* Favorites */,
			);
			path = Screen;
			sourceTree = "<group>";
		};
		D2CF4A2228BA00470064FE87 /* Service */ = {
			isa = PBXGroup;
			children = (
				D2CF4AA128C49EAE0064FE87 /* CoreData */,
			);
			path = Service;
			sourceTree = "<group>";
		};
		D2CF4A2328BA00660064FE87 /* Home */ = {
			isa = PBXGroup;
			children = (
				D2CF49EE28B9FF770064FE87 /* BreedsViewController.swift */,
				D2CF4A3228BA0F630064FE87 /* BreedsViewModel.swift */,
			);
			path = Home;
			sourceTree = "<group>";
		};
		D2CF4A2428BA006C0064FE87 /* BreedPictures */ = {
			isa = PBXGroup;
			children = (
				D2CF4A4228BA41F90064FE87 /* BreedPicturesViewController.swift */,
				D2CF4A5028BA4EB20064FE87 /* BreedPicturesViewModel.swift */,
			);
			path = BreedPictures;
			sourceTree = "<group>";
		};
		D2CF4A2528BA00780064FE87 /* Favorites */ = {
			isa = PBXGroup;
			children = (
				D2CF4A4428BA42070064FE87 /* FavouritePicturesViewController.swift */,
				D2CF4A5928BA7D360064FE87 /* FavouritePicturesViewModel.swift */,
			);
			path = Favorites;
			sourceTree = "<group>";
		};
		D2CF4A7C28BFC9A90064FE87 /* Mock */ = {
			isa = PBXGroup;
			children = (
				D2CF4A7D28BFC9C40064FE87 /* DogBreedMockUrlProtocol.swift */,
				D2CF4A8128BFD5430064FE87 /* JSON */,
			);
			path = Mock;
			sourceTree = "<group>";
		};
		D2CF4A8128BFD5430064FE87 /* JSON */ = {
			isa = PBXGroup;
			children = (
				D2CF4A8728BFF0A90064FE87 /* breed-images.json */,
				D2CF4A7F28BFD0230064FE87 /* breeds.json */,
			);
			path = JSON;
			sourceTree = "<group>";
		};
		D2CF4A9228C483260064FE87 /* DataBaseModel */ = {
			isa = PBXGroup;
			children = (
				D2CF4A9B28C486FA0064FE87 /* BreedsDBModel+CoreDataClass.swift */,
				D2CF4A9C28C486FA0064FE87 /* BreedsDBModel+CoreDataProperties.swift */,
			);
			path = DataBaseModel;
			sourceTree = "<group>";
		};
		D2CF4AA128C49EAE0064FE87 /* CoreData */ = {
			isa = PBXGroup;
			children = (
				D2CF4AA228C49EFB0064FE87 /* CoreDataManager.swift */,
				D2CF49F328B9FF770064FE87 /* DogBreed.xcdatamodeld */,
				D2CF4A9228C483260064FE87 /* DataBaseModel */,
			);
			path = CoreData;
			sourceTree = "<group>";
		};
		D2FDBDB62DFABA6C006ADB44 /* Packages */ = {
			isa = PBXGroup;
			children = (
				D2C1208A2DFB38230081B4E8 /* DogBreedContainer */,
				D2671A0F2DFB347D00320D6B /* DogNetwork */,
				D298AE8A2DFACD140094732B /* DogUI */,
				D298AE892DFACCF50094732B /* DogCore */,
			);
			path = Packages;
			sourceTree = "<group>";
		};
/* End PBXGroup section */

/* Begin PBXNativeTarget section */
		D2CF49E628B9FF770064FE87 /* DogBreed */ = {
			isa = PBXNativeTarget;
			buildConfigurationList = D2CF4A1428B9FF780064FE87 /* Build configuration list for PBXNativeTarget "DogBreed" */;
			buildPhases = (
				D2CF49E328B9FF770064FE87 /* Sources */,
				D2CF49E428B9FF770064FE87 /* Frameworks */,
				D2CF49E528B9FF770064FE87 /* Resources */,
			);
			buildRules = (
			);
			dependencies = (
			);
			name = DogBreed;
			productName = DogBreed;
			productReference = D2CF49E728B9FF770064FE87 /* DogBreed.app */;
			productType = "com.apple.product-type.application";
		};
		D2CF49FF28B9FF770064FE87 /* DogBreedTests */ = {
			isa = PBXNativeTarget;
			buildConfigurationList = D2CF4A1728B9FF780064FE87 /* Build configuration list for PBXNativeTarget "DogBreedTests" */;
			buildPhases = (
				D2CF49FC28B9FF770064FE87 /* Sources */,
				D2CF49FD28B9FF770064FE87 /* Frameworks */,
				D2CF49FE28B9FF770064FE87 /* Resources */,
			);
			buildRules = (
			);
			dependencies = (
				D2CF4A0228B9FF770064FE87 /* PBXTargetDependency */,
			);
			name = DogBreedTests;
			productName = DogBreedTests;
			productReference = D2CF4A0028B9FF770064FE87 /* DogBreedTests.xctest */;
			productType = "com.apple.product-type.bundle.unit-test";
		};
		D2CF4A0928B9FF770064FE87 /* DogBreedUITests */ = {
			isa = PBXNativeTarget;
			buildConfigurationList = D2CF4A1A28B9FF780064FE87 /* Build configuration list for PBXNativeTarget "DogBreedUITests" */;
			buildPhases = (
				D2CF4A0628B9FF770064FE87 /* Sources */,
				D2CF4A0728B9FF770064FE87 /* Frameworks */,
				D2CF4A0828B9FF770064FE87 /* Resources */,
			);
			buildRules = (
			);
			dependencies = (
				D2CF4A0C28B9FF770064FE87 /* PBXTargetDependency */,
			);
			name = DogBreedUITests;
			productName = DogBreedUITests;
			productReference = D2CF4A0A28B9FF770064FE87 /* DogBreedUITests.xctest */;
			productType = "com.apple.product-type.bundle.ui-testing";
		};
/* End PBXNativeTarget section */

/* Begin PBXProject section */
		D2CF49DF28B9FF770064FE87 /* Project object */ = {
			isa = PBXProject;
			attributes = {
				BuildIndependentTargetsInParallel = 1;
				LastSwiftUpdateCheck = 1340;
				LastUpgradeCheck = 1620;
				ORGANIZATIONNAME = "Matej Kokosinek";
				TargetAttributes = {
					D2CF49E628B9FF770064FE87 = {
						CreatedOnToolsVersion = 13.4.1;
					};
					D2CF49FF28B9FF770064FE87 = {
						CreatedOnToolsVersion = 13.4.1;
						TestTargetID = D2CF49E628B9FF770064FE87;
					};
					D2CF4A0928B9FF770064FE87 = {
						CreatedOnToolsVersion = 13.4.1;
						TestTargetID = D2CF49E628B9FF770064FE87;
					};
				};
			};
			buildConfigurationList = D2CF49E228B9FF770064FE87 /* Build configuration list for PBXProject "DogBreed" */;
			compatibilityVersion = "Xcode 13.0";
			developmentRegion = en;
			hasScannedForEncodings = 0;
			knownRegions = (
				en,
				Base,
				da,
			);
			mainGroup = D2CF49DE28B9FF770064FE87;
			productRefGroup = D2CF49E828B9FF770064FE87 /* Products */;
			projectDirPath = "";
			projectRoot = "";
			targets = (
				D2CF49E628B9FF770064FE87 /* DogBreed */,
				D2CF49FF28B9FF770064FE87 /* DogBreedTests */,
				D2CF4A0928B9FF770064FE87 /* DogBreedUITests */,
			);
		};
/* End PBXProject section */

/* Begin PBXResourcesBuildPhase section */
		D2CF49E528B9FF770064FE87 /* Resources */ = {
			isa = PBXResourcesBuildPhase;
			buildActionMask = 2147483647;
			files = (
				D2CF4A3C28BA40EB0064FE87 /* Localizable.strings in Resources */,
				D2CF49F728B9FF770064FE87 /* Assets.xcassets in Resources */,
				D2CF4A8F28BFF9E40064FE87 /* breeds.json in Resources */,
				D2CF4A8E28BFF9E10064FE87 /* breed-images.json in Resources */,
			);
			runOnlyForDeploymentPostprocessing = 0;
		};
		D2CF49FE28B9FF770064FE87 /* Resources */ = {
			isa = PBXResourcesBuildPhase;
			buildActionMask = 2147483647;
			files = (
			);
			runOnlyForDeploymentPostprocessing = 0;
		};
		D2CF4A0828B9FF770064FE87 /* Resources */ = {
			isa = PBXResourcesBuildPhase;
			buildActionMask = 2147483647;
			files = (
			);
			runOnlyForDeploymentPostprocessing = 0;
		};
/* End PBXResourcesBuildPhase section */

/* Begin PBXSourcesBuildPhase section */
		D2CF49E328B9FF770064FE87 /* Sources */ = {
			isa = PBXSourcesBuildPhase;
			buildActionMask = 2147483647;
			files = (
				D2CF4A7E28BFC9C40064FE87 /* DogBreedMockUrlProtocol.swift in Sources */,
				D2CF4A5128BA4EB20064FE87 /* BreedPicturesViewModel.swift in Sources */,
				D2CF4A9D28C486FA0064FE87 /* BreedsDBModel+CoreDataClass.swift in Sources */,
				D2CF49EF28B9FF770064FE87 /* BreedsViewController.swift in Sources */,
				D2CF4A3328BA0F630064FE87 /* BreedsViewModel.swift in Sources */,
				D2CF4A4528BA42070064FE87 /* FavouritePicturesViewController.swift in Sources */,
				D2CF4A4328BA41F90064FE87 /* BreedPicturesViewController.swift in Sources */,
				D2CF4A5A28BA7D360064FE87 /* FavouritePicturesViewModel.swift in Sources */,
				D2CF49F528B9FF770064FE87 /* DogBreed.xcdatamodeld in Sources */,
				D2CF49EB28B9FF770064FE87 /* AppDelegate.swift in Sources */,
				D2CF49ED28B9FF770064FE87 /* SceneDelegate.swift in Sources */,
				D2CF4A9E28C486FA0064FE87 /* BreedsDBModel+CoreDataProperties.swift in Sources */,
				D2CF4AA328C49EFB0064FE87 /* CoreDataManager.swift in Sources */,
			);
			runOnlyForDeploymentPostprocessing = 0;
		};
		D2CF49FC28B9FF770064FE87 /* Sources */ = {
			isa = PBXSourcesBuildPhase;
			buildActionMask = 2147483647;
			files = (
				D2CF4A0528B9FF770064FE87 /* DogServiceTests.swift in Sources */,
			);
			runOnlyForDeploymentPostprocessing = 0;
		};
		D2CF4A0628B9FF770064FE87 /* Sources */ = {
			isa = PBXSourcesBuildPhase;
			buildActionMask = 2147483647;
			files = (
				D2CF4A1128B9FF780064FE87 /* DogBreedUITestsLaunchTests.swift in Sources */,
				D2CF4A0F28B9FF780064FE87 /* DogBreedUITests.swift in Sources */,
			);
			runOnlyForDeploymentPostprocessing = 0;
		};
/* End PBXSourcesBuildPhase section */

/* Begin PBXTargetDependency section */
		D2CF4A0228B9FF770064FE87 /* PBXTargetDependency */ = {
			isa = PBXTargetDependency;
			target = D2CF49E628B9FF770064FE87 /* DogBreed */;
			targetProxy = D2CF4A0128B9FF770064FE87 /* PBXContainerItemProxy */;
		};
		D2CF4A0C28B9FF770064FE87 /* PBXTargetDependency */ = {
			isa = PBXTargetDependency;
			target = D2CF49E628B9FF770064FE87 /* DogBreed */;
			targetProxy = D2CF4A0B28B9FF770064FE87 /* PBXContainerItemProxy */;
		};
/* End PBXTargetDependency section */

/* Begin PBXVariantGroup section */
		D2CF4A3E28BA40EB0064FE87 /* Localizable.strings */ = {
			isa = PBXVariantGroup;
			children = (
				D2CF4A3D28BA40EB0064FE87 /* en */,
				D2CF4A3F28BA412E0064FE87 /* da */,
			);
			name = Localizable.strings;
			sourceTree = "<group>";
		};
/* End PBXVariantGroup section */

/* Begin XCBuildConfiguration section */
		D2CF4A1228B9FF780064FE87 /* Debug */ = {
			isa = XCBuildConfiguration;
			buildSettings = {
				ALWAYS_SEARCH_USER_PATHS = NO;
				CLANG_ANALYZER_LOCALIZABILITY_NONLOCALIZED = YES;
				CLANG_ANALYZER_NONNULL = YES;
				CLANG_ANALYZER_NUMBER_OBJECT_CONVERSION = YES_AGGRESSIVE;
				CLANG_CXX_LANGUAGE_STANDARD = "gnu++17";
				CLANG_ENABLE_MODULES = YES;
				CLANG_ENABLE_OBJC_ARC = YES;
				CLANG_ENABLE_OBJC_WEAK = YES;
				CLANG_WARN_BLOCK_CAPTURE_AUTORELEASING = YES;
				CLANG_WARN_BOOL_CONVERSION = YES;
				CLANG_WARN_COMMA = YES;
				CLANG_WARN_CONSTANT_CONVERSION = YES;
				CLANG_WARN_DEPRECATED_OBJC_IMPLEMENTATIONS = YES;
				CLANG_WARN_DIRECT_OBJC_ISA_USAGE = YES_ERROR;
				CLANG_WARN_DOCUMENTATION_COMMENTS = YES;
				CLANG_WARN_EMPTY_BODY = YES;
				CLANG_WARN_ENUM_CONVERSION = YES;
				CLANG_WARN_INFINITE_RECURSION = YES;
				CLANG_WARN_INT_CONVERSION = YES;
				CLANG_WARN_NON_LITERAL_NULL_CONVERSION = YES;
				CLANG_WARN_OBJC_IMPLICIT_RETAIN_SELF = YES;
				CLANG_WARN_OBJC_LITERAL_CONVERSION = YES;
				CLANG_WARN_OBJC_ROOT_CLASS = YES_ERROR;
				CLANG_WARN_QUOTED_INCLUDE_IN_FRAMEWORK_HEADER = YES;
				CLANG_WARN_RANGE_LOOP_ANALYSIS = YES;
				CLANG_WARN_STRICT_PROTOTYPES = YES;
				CLANG_WARN_SUSPICIOUS_MOVE = YES;
				CLANG_WARN_UNGUARDED_AVAILABILITY = YES_AGGRESSIVE;
				CLANG_WARN_UNREACHABLE_CODE = YES;
				CLANG_WARN__DUPLICATE_METHOD_MATCH = YES;
				COPY_PHASE_STRIP = NO;
				DEBUG_INFORMATION_FORMAT = dwarf;
				ENABLE_STRICT_OBJC_MSGSEND = YES;
				ENABLE_TESTABILITY = YES;
				ENABLE_USER_SCRIPT_SANDBOXING = YES;
				GCC_C_LANGUAGE_STANDARD = gnu11;
				GCC_DYNAMIC_NO_PIC = NO;
				GCC_NO_COMMON_BLOCKS = YES;
				GCC_OPTIMIZATION_LEVEL = 0;
				GCC_PREPROCESSOR_DEFINITIONS = (
					"DEBUG=1",
					"$(inherited)",
				);
				GCC_WARN_64_TO_32_BIT_CONVERSION = YES;
				GCC_WARN_ABOUT_RETURN_TYPE = YES_ERROR;
				GCC_WARN_UNDECLARED_SELECTOR = YES;
				GCC_WARN_UNINITIALIZED_AUTOS = YES_AGGRESSIVE;
				GCC_WARN_UNUSED_FUNCTION = YES;
				GCC_WARN_UNUSED_VARIABLE = YES;
				IPHONEOS_DEPLOYMENT_TARGET = 14.0;
				MTL_ENABLE_DEBUG_INFO = INCLUDE_SOURCE;
				MTL_FAST_MATH = YES;
				ONLY_ACTIVE_ARCH = YES;
				SDKROOT = iphoneos;
				SWIFT_ACTIVE_COMPILATION_CONDITIONS = DEBUG;
				SWIFT_OPTIMIZATION_LEVEL = "-Onone";
				SWIFT_VERSION = 6.0;
			};
			name = Debug;
		};
		D2CF4A1328B9FF780064FE87 /* Release */ = {
			isa = XCBuildConfiguration;
			buildSettings = {
				ALWAYS_SEARCH_USER_PATHS = NO;
				CLANG_ANALYZER_LOCALIZABILITY_NONLOCALIZED = YES;
				CLANG_ANALYZER_NONNULL = YES;
				CLANG_ANALYZER_NUMBER_OBJECT_CONVERSION = YES_AGGRESSIVE;
				CLANG_CXX_LANGUAGE_STANDARD = "gnu++17";
				CLANG_ENABLE_MODULES = YES;
				CLANG_ENABLE_OBJC_ARC = YES;
				CLANG_ENABLE_OBJC_WEAK = YES;
				CLANG_WARN_BLOCK_CAPTURE_AUTORELEASING = YES;
				CLANG_WARN_BOOL_CONVERSION = YES;
				CLANG_WARN_COMMA = YES;
				CLANG_WARN_CONSTANT_CONVERSION = YES;
				CLANG_WARN_DEPRECATED_OBJC_IMPLEMENTATIONS = YES;
				CLANG_WARN_DIRECT_OBJC_ISA_USAGE = YES_ERROR;
				CLANG_WARN_DOCUMENTATION_COMMENTS = YES;
				CLANG_WARN_EMPTY_BODY = YES;
				CLANG_WARN_ENUM_CONVERSION = YES;
				CLANG_WARN_INFINITE_RECURSION = YES;
				CLANG_WARN_INT_CONVERSION = YES;
				CLANG_WARN_NON_LITERAL_NULL_CONVERSION = YES;
				CLANG_WARN_OBJC_IMPLICIT_RETAIN_SELF = YES;
				CLANG_WARN_OBJC_LITERAL_CONVERSION = YES;
				CLANG_WARN_OBJC_ROOT_CLASS = YES_ERROR;
				CLANG_WARN_QUOTED_INCLUDE_IN_FRAMEWORK_HEADER = YES;
				CLANG_WARN_RANGE_LOOP_ANALYSIS = YES;
				CLANG_WARN_STRICT_PROTOTYPES = YES;
				CLANG_WARN_SUSPICIOUS_MOVE = YES;
				CLANG_WARN_UNGUARDED_AVAILABILITY = YES_AGGRESSIVE;
				CLANG_WARN_UNREACHABLE_CODE = YES;
				CLANG_WARN__DUPLICATE_METHOD_MATCH = YES;
				COPY_PHASE_STRIP = NO;
				DEBUG_INFORMATION_FORMAT = "dwarf-with-dsym";
				ENABLE_NS_ASSERTIONS = NO;
				ENABLE_STRICT_OBJC_MSGSEND = YES;
				ENABLE_USER_SCRIPT_SANDBOXING = YES;
				GCC_C_LANGUAGE_STANDARD = gnu11;
				GCC_NO_COMMON_BLOCKS = YES;
				GCC_WARN_64_TO_32_BIT_CONVERSION = YES;
				GCC_WARN_ABOUT_RETURN_TYPE = YES_ERROR;
				GCC_WARN_UNDECLARED_SELECTOR = YES;
				GCC_WARN_UNINITIALIZED_AUTOS = YES_AGGRESSIVE;
				GCC_WARN_UNUSED_FUNCTION = YES;
				GCC_WARN_UNUSED_VARIABLE = YES;
				IPHONEOS_DEPLOYMENT_TARGET = 14.0;
				MTL_ENABLE_DEBUG_INFO = NO;
				MTL_FAST_MATH = YES;
				SDKROOT = iphoneos;
				SWIFT_COMPILATION_MODE = wholemodule;
				SWIFT_OPTIMIZATION_LEVEL = "-O";
				SWIFT_VERSION = 6.0;
				VALIDATE_PRODUCT = YES;
			};
			name = Release;
		};
		D2CF4A1528B9FF780064FE87 /* Debug */ = {
			isa = XCBuildConfiguration;
			buildSettings = {
				ASSETCATALOG_COMPILER_APPICON_NAME = AppIcon;
				ASSETCATALOG_COMPILER_GLOBAL_ACCENT_COLOR_NAME = AccentColor;
				CODE_SIGN_STYLE = Manual;
				CURRENT_PROJECT_VERSION = 1;
				DEVELOPMENT_TEAM = "";
				GENERATE_INFOPLIST_FILE = YES;
				INFOPLIST_FILE = DogBreed/Configuration/Info.plist;
				INFOPLIST_KEY_UIApplicationSupportsIndirectInputEvents = YES;
				INFOPLIST_KEY_UILaunchStoryboardName = "";
				INFOPLIST_KEY_UIMainStoryboardFile = "";
				INFOPLIST_KEY_UISupportedInterfaceOrientations_iPad = "UIInterfaceOrientationPortrait UIInterfaceOrientationPortraitUpsideDown UIInterfaceOrientationLandscapeLeft UIInterfaceOrientationLandscapeRight";
				INFOPLIST_KEY_UISupportedInterfaceOrientations_iPhone = "UIInterfaceOrientationPortrait UIInterfaceOrientationLandscapeLeft UIInterfaceOrientationLandscapeRight";
				IPHONEOS_DEPLOYMENT_TARGET = 14.0;
				LD_RUNPATH_SEARCH_PATHS = (
					"$(inherited)",
					"@executable_path/Frameworks",
				);
				MARKETING_VERSION = 2.1;
				PRODUCT_BUNDLE_IDENTIFIER = matejk.DogBreed;
				PRODUCT_NAME = "$(TARGET_NAME)";
				PROVISIONING_PROFILE_SPECIFIER = "";
				SWIFT_EMIT_LOC_STRINGS = YES;
				SWIFT_STRICT_CONCURRENCY = complete;
				SWIFT_VERSION = 6.0;
				TARGETED_DEVICE_FAMILY = "1,2";
			};
			name = Debug;
		};
		D2CF4A1628B9FF780064FE87 /* Release */ = {
			isa = XCBuildConfiguration;
			buildSettings = {
				ASSETCATALOG_COMPILER_APPICON_NAME = AppIcon;
				ASSETCATALOG_COMPILER_GLOBAL_ACCENT_COLOR_NAME = AccentColor;
				CODE_SIGN_STYLE = Manual;
				CURRENT_PROJECT_VERSION = 1;
				DEVELOPMENT_TEAM = "";
				GENERATE_INFOPLIST_FILE = YES;
				INFOPLIST_FILE = DogBreed/Configuration/Info.plist;
				INFOPLIST_KEY_UIApplicationSupportsIndirectInputEvents = YES;
				INFOPLIST_KEY_UILaunchStoryboardName = "";
				INFOPLIST_KEY_UIMainStoryboardFile = "";
				INFOPLIST_KEY_UISupportedInterfaceOrientations_iPad = "UIInterfaceOrientationPortrait UIInterfaceOrientationPortraitUpsideDown UIInterfaceOrientationLandscapeLeft UIInterfaceOrientationLandscapeRight";
				INFOPLIST_KEY_UISupportedInterfaceOrientations_iPhone = "UIInterfaceOrientationPortrait UIInterfaceOrientationLandscapeLeft UIInterfaceOrientationLandscapeRight";
				IPHONEOS_DEPLOYMENT_TARGET = 14.0;
				LD_RUNPATH_SEARCH_PATHS = (
					"$(inherited)",
					"@executable_path/Frameworks",
				);
				MARKETING_VERSION = 2.1;
				PRODUCT_BUNDLE_IDENTIFIER = matejk.DogBreed;
				PRODUCT_NAME = "$(TARGET_NAME)";
				PROVISIONING_PROFILE_SPECIFIER = "";
				SWIFT_EMIT_LOC_STRINGS = YES;
				SWIFT_STRICT_CONCURRENCY = complete;
				SWIFT_VERSION = 6.0;
				TARGETED_DEVICE_FAMILY = "1,2";
			};
			name = Release;
		};
		D2CF4A1828B9FF780064FE87 /* Debug */ = {
			isa = XCBuildConfiguration;
			buildSettings = {
				BUNDLE_LOADER = "$(TEST_HOST)";
				"CODE_SIGN_IDENTITY[sdk=iphoneos*]" = "Apple Development";
				CODE_SIGN_STYLE = Manual;
				CURRENT_PROJECT_VERSION = 1;
				DEVELOPMENT_TEAM = "";
				GENERATE_INFOPLIST_FILE = YES;
				IPHONEOS_DEPLOYMENT_TARGET = 15.5;
				MARKETING_VERSION = 1.0;
				PRODUCT_BUNDLE_IDENTIFIER = matejk.DogBreedTests;
				PRODUCT_NAME = "$(TARGET_NAME)";
				PROVISIONING_PROFILE_SPECIFIER = "";
				SWIFT_EMIT_LOC_STRINGS = NO;
				SWIFT_VERSION = 5.0;
				TARGETED_DEVICE_FAMILY = "1,2";
				TEST_HOST = "$(BUILT_PRODUCTS_DIR)/DogBreed.app/DogBreed";
			};
			name = Debug;
		};
		D2CF4A1928B9FF780064FE87 /* Release */ = {
			isa = XCBuildConfiguration;
			buildSettings = {
				BUNDLE_LOADER = "$(TEST_HOST)";
				"CODE_SIGN_IDENTITY[sdk=iphoneos*]" = "Apple Development";
				CODE_SIGN_STYLE = Manual;
				CURRENT_PROJECT_VERSION = 1;
				DEVELOPMENT_TEAM = "";
				GENERATE_INFOPLIST_FILE = YES;
				IPHONEOS_DEPLOYMENT_TARGET = 15.5;
				MARKETING_VERSION = 1.0;
				PRODUCT_BUNDLE_IDENTIFIER = matejk.DogBreedTests;
				PRODUCT_NAME = "$(TARGET_NAME)";
				PROVISIONING_PROFILE_SPECIFIER = "";
				SWIFT_EMIT_LOC_STRINGS = NO;
				SWIFT_VERSION = 5.0;
				TARGETED_DEVICE_FAMILY = "1,2";
				TEST_HOST = "$(BUILT_PRODUCTS_DIR)/DogBreed.app/DogBreed";
			};
			name = Release;
		};
		D2CF4A1B28B9FF780064FE87 /* Debug */ = {
			isa = XCBuildConfiguration;
			buildSettings = {
				CODE_SIGN_STYLE = Manual;
				CURRENT_PROJECT_VERSION = 1;
				DEVELOPMENT_TEAM = "";
				GENERATE_INFOPLIST_FILE = YES;
				MARKETING_VERSION = 1.0;
				PRODUCT_BUNDLE_IDENTIFIER = matejk.DogBreedUITests;
				PRODUCT_NAME = "$(TARGET_NAME)";
				PROVISIONING_PROFILE_SPECIFIER = "";
				SWIFT_EMIT_LOC_STRINGS = NO;
				SWIFT_VERSION = 5.0;
				TARGETED_DEVICE_FAMILY = "1,2";
				TEST_TARGET_NAME = DogBreed;
			};
			name = Debug;
		};
		D2CF4A1C28B9FF780064FE87 /* Release */ = {
			isa = XCBuildConfiguration;
			buildSettings = {
				CODE_SIGN_STYLE = Manual;
				CURRENT_PROJECT_VERSION = 1;
				DEVELOPMENT_TEAM = "";
				GENERATE_INFOPLIST_FILE = YES;
				MARKETING_VERSION = 1.0;
				PRODUCT_BUNDLE_IDENTIFIER = matejk.DogBreedUITests;
				PRODUCT_NAME = "$(TARGET_NAME)";
				PROVISIONING_PROFILE_SPECIFIER = "";
				SWIFT_EMIT_LOC_STRINGS = NO;
				SWIFT_VERSION = 5.0;
				TARGETED_DEVICE_FAMILY = "1,2";
				TEST_TARGET_NAME = DogBreed;
			};
			name = Release;
		};
/* End XCBuildConfiguration section */

/* Begin XCConfigurationList section */
		D2CF49E228B9FF770064FE87 /* Build configuration list for PBXProject "DogBreed" */ = {
			isa = XCConfigurationList;
			buildConfigurations = (
				D2CF4A1228B9FF780064FE87 /* Debug */,
				D2CF4A1328B9FF780064FE87 /* Release */,
			);
			defaultConfigurationIsVisible = 0;
			defaultConfigurationName = Release;
		};
		D2CF4A1428B9FF780064FE87 /* Build configuration list for PBXNativeTarget "DogBreed" */ = {
			isa = XCConfigurationList;
			buildConfigurations = (
				D2CF4A1528B9FF780064FE87 /* Debug */,
				D2CF4A1628B9FF780064FE87 /* Release */,
			);
			defaultConfigurationIsVisible = 0;
			defaultConfigurationName = Release;
		};
		D2CF4A1728B9FF780064FE87 /* Build configuration list for PBXNativeTarget "DogBreedTests" */ = {
			isa = XCConfigurationList;
			buildConfigurations = (
				D2CF4A1828B9FF780064FE87 /* Debug */,
				D2CF4A1928B9FF780064FE87 /* Release */,
			);
			defaultConfigurationIsVisible = 0;
			defaultConfigurationName = Release;
		};
		D2CF4A1A28B9FF780064FE87 /* Build configuration list for PBXNativeTarget "DogBreedUITests" */ = {
			isa = XCConfigurationList;
			buildConfigurations = (
				D2CF4A1B28B9FF780064FE87 /* Debug */,
				D2CF4A1C28B9FF780064FE87 /* Release */,
			);
			defaultConfigurationIsVisible = 0;
			defaultConfigurationName = Release;
		};
/* End XCConfigurationList section */

/* Begin XCSwiftPackageProductDependency section */
		D298AE8E2DFAE58E0094732B /* DogCore */ = {
			isa = XCSwiftPackageProductDependency;
			productName = DogCore;
		};
		D298AE962DFAEE550094732B /* DogUILib */ = {
			isa = XCSwiftPackageProductDependency;
			productName = DogUILib;
		};
		D2C120852DFB35C00081B4E8 /* DogNetwork */ = {
			isa = XCSwiftPackageProductDependency;
			productName = DogNetwork;
		};
		D2C1208B2DFB38820081B4E8 /* DogBreedContainer */ = {
			isa = XCSwiftPackageProductDependency;
			productName = DogBreedContainer;
		};
/* End XCSwiftPackageProductDependency section */

/* Begin XCVersionGroup section */
		D2CF49F328B9FF770064FE87 /* DogBreed.xcdatamodeld */ = {
			isa = XCVersionGroup;
			children = (
				D2CF49F428B9FF770064FE87 /* DogBreed.xcdatamodel */,
			);
			currentVersion = D2CF49F428B9FF770064FE87 /* DogBreed.xcdatamodel */;
			path = DogBreed.xcdatamodeld;
			sourceTree = "<group>";
			versionGroupType = wrapper.xcdatamodel;
		};
/* End XCVersionGroup section */
	};
	rootObject = D2CF49DF28B9FF770064FE87 /* Project object */;
}
